
Microsoft Visual Studio Solution File, Format Version 12.00
# Visual Studio Version 16
VisualStudioVersion = 16.0.29911.84
MinimumVisualStudioVersion = 10.0.40219.1
Project("{9A19103F-16F7-4668-BE54-9A1E7A4F7556}") = "EnvelopesComparer", "EnvelopesComparer\EnvelopesComparer.csproj", "{C08352E7-3CAF-4859-91A9-3B9E8D2E29E5}"
EndProject
Project("{9A19103F-16F7-4668-BE54-9A1E7A4F7556}") = "Liba", "Liba\Liba.csproj", "{3ACE1DAA-800F-4923-93D2-69E98D00E05B}"
EndProject
Project("{FAE04EC0-301F-11D3-BF4B-00C04F79EFBC}") = "EnvelopesComparerTests", "EnvelopesComparerTests\EnvelopesComparerTests.csproj", "{68F000F3-E116-40F4-B463-6A9122C791D6}"
EndProject
Global
	GlobalSection(SolutionConfigurationPlatforms) = preSolution
		Debug|Any CPU = Debug|Any CPU
		Release|Any CPU = Release|Any CPU
	EndGlobalSection
	GlobalSection(ProjectConfigurationPlatforms) = postSolution
		{C08352E7-3CAF-4859-91A9-3B9E8D2E29E5}.Debug|Any CPU.ActiveCfg = Debug|Any CPU
		{C08352E7-3CAF-4859-91A9-3B9E8D2E29E5}.Debug|Any CPU.Build.0 = Debug|Any CPU
		{C08352E7-3CAF-4859-91A9-3B9E8D2E29E5}.Release|Any CPU.ActiveCfg = Release|Any CPU
		{C08352E7-3CAF-4859-91A9-3B9E8D2E29E5}.Release|Any CPU.Build.0 = Release|Any CPU
		{3ACE1DAA-800F-4923-93D2-69E98D00E05B}.Debug|Any CPU.ActiveCfg = Debug|Any CPU
		{3ACE1DAA-800F-4923-93D2-69E98D00E05B}.Debug|Any CPU.Build.0 = Debug|Any CPU
		{3ACE1DAA-800F-4923-93D2-69E98D00E05B}.Release|Any CPU.ActiveCfg = Release|Any CPU
		{3ACE1DAA-800F-4923-93D2-69E98D00E05B}.Release|Any CPU.Build.0 = Release|Any CPU
		{68F000F3-E116-40F4-B463-6A9122C791D6}.Debug|Any CPU.ActiveCfg = Debug|Any CPU
		{68F000F3-E116-40F4-B463-6A9122C791D6}.Debug|Any CPU.Build.0 = Debug|Any CPU
		{68F000F3-E116-40F4-B463-6A9122C791D6}.Release|Any CPU.ActiveCfg = Release|Any CPU
		{68F000F3-E116-40F4-B463-6A9122C791D6}.Release|Any CPU.Build.0 = Release|Any CPU
	EndGlobalSection
	GlobalSection(SolutionProperties) = preSolution
		HideSolutionNode = FALSE
	EndGlobalSection
	GlobalSection(ExtensibilityGlobals) = postSolution
		SolutionGuid = {79BABC13-2E14-4FD8-B9D5-FACA5E377213}
	EndGlobalSection
EndGlobal
